
Microsoft Visual Studio Solution File, Format Version 12.00
# Visual Studio Version 17
VisualStudioVersion = 17.2.32616.157
MinimumVisualStudioVersion = 10.0.40219.1
Project("{FAE04EC0-301F-11D3-BF4B-00C04F79EFBC}") = "PTPFileSender", "PTPFileSender\PTPFileSender.csproj", "{3198D91E-97BE-4CD6-AD7A-CE7B997A2EBD}"
EndProject
Global
	GlobalSection(SolutionConfigurationPlatforms) = preSolution
		Debug|Any CPU = Debug|Any CPU
		Release|Any CPU = Release|Any CPU
	EndGlobalSection
	GlobalSection(ProjectConfigurationPlatforms) = postSolution
		{3198D91E-97BE-4CD6-AD7A-CE7B997A2EBD}.Debug|Any CPU.ActiveCfg = Debug|Any CPU
		{3198D91E-97BE-4CD6-AD7A-CE7B997A2EBD}.Debug|Any CPU.Build.0 = Debug|Any CPU
		{3198D91E-97BE-4CD6-AD7A-CE7B997A2EBD}.Release|Any CPU.ActiveCfg = Release|Any CPU
		{3198D91E-97BE-4CD6-AD7A-CE7B997A2EBD}.Release|Any CPU.Build.0 = Release|Any CPU
	EndGlobalSection
	GlobalSection(SolutionProperties) = preSolution
		HideSolutionNode = FALSE
	EndGlobalSection
	GlobalSection(ExtensibilityGlobals) = postSolution
		SolutionGuid = {8C66531D-FEE5-4ED4-964E-391D8CCAC2DA}
	EndGlobalSection
EndGlobal
